<?xml version="1.0" encoding="utf-8"?>
<Project ToolsVersion="4.0" xmlns="http://schemas.microsoft.com/developer/msbuild/2003">
  <ItemGroup>
    <ClCompile Include="Main.cpp" />
    <ClCompile Include="MainTitleScene.cpp">
      <Filter>Scene</Filter>
    </ClCompile>
    <ClCompile Include="PrintConsole.cpp">
      <Filter>Util</Filter>
    </ClCompile>
    <ClCompile Include="UIButton.cpp">
      <Filter>Util</Filter>
    </ClCompile>
    <ClCompile Include="VillageScene.cpp">
      <Filter>Scene</Filter>
    </ClCompile>
    <ClCompile Include="CharacterInMap.cpp">
      <Filter>Character</Filter>
    </ClCompile>
  </ItemGroup>
  <ItemGroup>
    <Filter Include="Scene">
      <UniqueIdentifier>{09c53cdb-a63d-4a0d-83d7-abbf6efa5996}</UniqueIdentifier>
    </Filter>
    <Filter Include="Util">
      <UniqueIdentifier>{f8500e61-0f62-43be-ad34-9a10d296783e}</UniqueIdentifier>
    </Filter>
    <Filter Include="Character">
      <UniqueIdentifier>{060c10fa-cd46-4275-b487-7127e75bfb4f}</UniqueIdentifier>
    </Filter>
  </ItemGroup>
  <ItemGroup>
    <ClInclude Include="MainTitleScene.h">
      <Filter>Scene</Filter>
    </ClInclude>
    <ClInclude Include="PrintConsole.h">
      <Filter>Util</Filter>
    </ClInclude>
    <ClInclude Include="UIButton.h">
      <Filter>Util</Filter>
    </ClInclude>
    <ClInclude Include="VillageScene.h">
      <Filter>Scene</Filter>
    </ClInclude>
    <ClInclude Include="CharacterInMap.h">
      <Filter>Character</Filter>
    </ClInclude>
  </ItemGroup>
</Project>